
Microsoft Visual Studio Solution File, Format Version 12.00
# Visual Studio 15
VisualStudioVersion = 15.0.27130.2027
MinimumVisualStudioVersion = 10.0.40219.1
Project("{FAE04EC0-301F-11D3-BF4B-00C04F79EFBC}") = "Mod Bot", "Mod Bot\Mod Bot.csproj", "{7D245761-D2CB-4DD1-A915-3F6EFF8390F1}"
EndProject
Project("{9A19103F-16F7-4668-BE54-9A1E7A4F7556}") = "ModBot.Tests", "ModBot.Tests\ModBot.Tests.csproj", "{53AA6B68-10C0-4021-82ED-398B3B7F64F7}"
EndProject
Project("{9A19103F-16F7-4668-BE54-9A1E7A4F7556}") = "ModBot.Core", "ModBot.Core\ModBot.Core.csproj", "{3BEA03BC-6A40-4C0E-9C4B-50D89AAF7580}"
EndProject
Global
	GlobalSection(SolutionConfigurationPlatforms) = preSolution
		Debug|Any CPU = Debug|Any CPU
		Release|Any CPU = Release|Any CPU
	EndGlobalSection
	GlobalSection(ProjectConfigurationPlatforms) = postSolution
		{7D245761-D2CB-4DD1-A915-3F6EFF8390F1}.Debug|Any CPU.ActiveCfg = Debug|Any CPU
		{7D245761-D2CB-4DD1-A915-3F6EFF8390F1}.Release|Any CPU.ActiveCfg = Release|Any CPU
		{7D245761-D2CB-4DD1-A915-3F6EFF8390F1}.Release|Any CPU.Build.0 = Release|Any CPU
		{53AA6B68-10C0-4021-82ED-398B3B7F64F7}.Debug|Any CPU.ActiveCfg = Debug|Any CPU
		{53AA6B68-10C0-4021-82ED-398B3B7F64F7}.Debug|Any CPU.Build.0 = Debug|Any CPU
		{53AA6B68-10C0-4021-82ED-398B3B7F64F7}.Release|Any CPU.ActiveCfg = Release|Any CPU
		{53AA6B68-10C0-4021-82ED-398B3B7F64F7}.Release|Any CPU.Build.0 = Release|Any CPU
		{3BEA03BC-6A40-4C0E-9C4B-50D89AAF7580}.Debug|Any CPU.ActiveCfg = Debug|Any CPU
		{3BEA03BC-6A40-4C0E-9C4B-50D89AAF7580}.Debug|Any CPU.Build.0 = Debug|Any CPU
		{3BEA03BC-6A40-4C0E-9C4B-50D89AAF7580}.Release|Any CPU.ActiveCfg = Release|Any CPU
		{3BEA03BC-6A40-4C0E-9C4B-50D89AAF7580}.Release|Any CPU.Build.0 = Release|Any CPU
	EndGlobalSection
	GlobalSection(SolutionProperties) = preSolution
		HideSolutionNode = FALSE
	EndGlobalSection
	GlobalSection(ExtensibilityGlobals) = postSolution
		SolutionGuid = {C24661D4-61F5-4F5A-A302-02715DFC226E}
	EndGlobalSection
EndGlobal
